{
  "version": 4,
  "terraform_version": "1.9.8",
  "serial": 24,
  "lineage": "f1bb275b-fa45-b778-375b-fc96e42d2597",
  "outputs": {
    "chicken-egg": {
      "value": [
        "chicken",
        "egg"
      ],
      "type": [
        "list",
        "string"
      ]
    },
    "data_source_result": {
      "value": "hello world",
      "type": "string"
    },
    "id_do_arquivo": {
      "value": "2aae6c35c94fcfb415dbe95f408b9ce91ee846ed",
      "type": "string"
    }
  },
  "resources": [
    {
      "mode": "data",
      "type": "local_file",
      "name": "name_exemplo",
      "provider": "provider[\"registry.terraform.io/hashicorp/local\"]",
      "instances": [
        {
          "schema_version": 0,
          "attributes": {
            "content": "hello world",
            "content_base64": "aGVsbG8gd29ybGQ=",
            "content_base64sha256": "uU0nuZNNPgilLlLX2n2r+sSE7+N6U4DukIj3rOLvzek=",
            "content_base64sha512": "MJ7MSJwS1utMxA9QyQLytNDtd+5RGnx6m808qG1M2G+YndNbxf9JlnDaNCVbRbDP2DDoH2Bdz33FVC6TrpzXbw==",
            "content_md5": "5eb63bbbe01eeed093cb22bb8f5acdc3",
            "content_sha1": "2aae6c35c94fcfb415dbe95f408b9ce91ee846ed",
            "content_sha256": "b94d27b9934d3e08a52e52d7da7dabfac484efe37a5380ee9088f7ace2efcde9",
            "content_sha512": "309ecc489c12d6eb4cc40f50c902f2b4d0ed77ee511a7c7a9bcd3ca86d4cd86f989dd35bc5ff499670da34255b45b0cfd830e81f605dcf7dc5542e93ae9cd76f",
            "filename": "exemplo.txt",
            "id": "2aae6c35c94fcfb415dbe95f408b9ce91ee846ed"
          },
          "sensitive_attributes": []
        }
      ]
    },
    {
      "mode": "managed",
      "type": "local_file",
      "name": "exemplo",
      "provider": "provider[\"registry.terraform.io/hashicorp/local\"]",
      "instances": [
        {
          "schema_version": 0,
          "attributes": {
            "content": "hello world",
            "content_base64": null,
            "content_base64sha256": "uU0nuZNNPgilLlLX2n2r+sSE7+N6U4DukIj3rOLvzek=",
            "content_base64sha512": "MJ7MSJwS1utMxA9QyQLytNDtd+5RGnx6m808qG1M2G+YndNbxf9JlnDaNCVbRbDP2DDoH2Bdz33FVC6TrpzXbw==",
            "content_md5": "5eb63bbbe01eeed093cb22bb8f5acdc3",
            "content_sha1": "2aae6c35c94fcfb415dbe95f408b9ce91ee846ed",
            "content_sha256": "b94d27b9934d3e08a52e52d7da7dabfac484efe37a5380ee9088f7ace2efcde9",
            "content_sha512": "309ecc489c12d6eb4cc40f50c902f2b4d0ed77ee511a7c7a9bcd3ca86d4cd86f989dd35bc5ff499670da34255b45b0cfd830e81f605dcf7dc5542e93ae9cd76f",
            "directory_permission": "0777",
            "file_permission": "0777",
            "filename": "exemplo.txt",
            "id": "2aae6c35c94fcfb415dbe95f408b9ce91ee846ed",
            "sensitive_content": null,
            "source": null
          },
          "sensitive_attributes": [
            [
              {
                "type": "get_attr",
                "value": "sensitive_content"
              }
            ]
          ]
        }
      ]
    },
    {
      "mode": "managed",
      "type": "local_file",
      "name": "teste",
      "provider": "provider[\"registry.terraform.io/hashicorp/local\"]",
      "instances": [
        {
          "schema_version": 0,
          "attributes": {
            "content": "const a ={'id_exemplo':'2aae6c35c94fcfb415dbe95f408b9ce91ee846ed','name_exemplo':'exemplo.txt'}",
            "content_base64": null,
            "content_base64sha256": "j6veheSTUoZMHcBKJdEDcOTRhHF8yzp/VQSJztW1jvw=",
            "content_base64sha512": "QeVymFtXwlqgBhBeecpncNWNzQ2rO6P02VJu1I8vKDNsXeGagLg9ofFTtOhHWqpLmYj1f7p/QK3Vb1f7+fhzVg==",
            "content_md5": "9fb6d9502df7772818d8cd791e87d347",
            "content_sha1": "f24606ffc244c3208498051b7278aac6e1de18f7",
            "content_sha256": "8fabde85e49352864c1dc04a25d10370e4d184717ccb3a7f550489ced5b58efc",
            "content_sha512": "41e572985b57c25aa006105e79ca6770d58dcd0dab3ba3f4d9526ed48f2f28336c5de19a80b83da1f153b4e8475aaa4b9988f57fba7f40add56f57fbf9f87356",
            "directory_permission": "0777",
            "file_permission": "0777",
            "filename": "teste.ts",
            "id": "f24606ffc244c3208498051b7278aac6e1de18f7",
            "sensitive_content": null,
            "source": null
          },
          "sensitive_attributes": [
            [
              {
                "type": "get_attr",
                "value": "sensitive_content"
              }
            ]
          ],
          "dependencies": [
            "local_file.exemplo"
          ]
        }
      ]
    }
  ],
  "check_results": null
}
